*##+js(aopr, AudioBuffer.prototype.getChannelData)
*##+js(aopr, BaseAudioContext.prototype.createOscillator)
*##+js(aopr, HTMLCanvasElement.prototype.toDataURL)
*##+js(aopr, WebGLRenderingContext.prototype.getExtension)
*##+js(aopr, WebGLRenderingContext.prototype.getParameter)
*##+js(set, navigator.deviceMemory, 4)
*##+js(set, navigator.hardwareConcurrency, 4)
*##+js(set, navigator.maxTouchPoints, 0)
*##+js(set, navigator.plugins, undefined)
*##html,body:style(overflow: visible !important;)
abcnews.go.com##.Article__Column--sidebar.Article__Column
abcnews.go.com##.Article__Footer--news.Article__Footer
abcnews.go.com##.Article__Header__Share.flex-no-wrap.flex.Share
abcnews.go.com##.FeaturedMedia
abcnews.go.com##.footer__container
abcnews.go.com##.Image__Wrapper--relative.Image__Wrapper
abcnews.go.com##.navigation__menu
abcnews.go.com##svg
arstechnica.com##.tranquility_annotation_selection
arstechnica.com##.tranquility_menu
arstechnica.com###tranquility_more_links_btn
arxiv.org##svg
blog.playstation.com##svg
blog.pushwoosh.com##svg
chrome.google.com##.Yb
chrome.google.com##.yD5gtd
community.chocolatey.org##.show.fade.modal-backdrop
community.chocolatey.org###package-disclaimer
covid19.ncdhhs.gov##.message
finance.yahoo.com###monalixa-finance-desktop-web-qsp-stickyfooter-seqmsg
getpocket.com##* > svg
gfycat.com##.type3.pro-cta
githubmemory.com##svg
health.clevelandclinic.org##svg
ihealthlabs.com##svg
indyweek.com###pico_prompt
it.slashdot.org##svg
lawandcrime.com##svg
news.sky.com##svg
odysee.com##.claim-preview--premium-plus
odysee.com##.menu__list--notifications-list > [href]
odysee.com##li.claim-preview--premium-plus.claim-preview--tile.card > [href="/$/membership"]
scrolller.com##.bottom-nav-bar__show.bottom-nav-bar
securityboulevard.com##div#sgpb-popup-dialog-main-div-wrapper.sgpb-popup-dialog-main-div-wrapper
simplywall.st###modal-container
stackoverflow.com##.is-visible.s-popover
techcrunch.com##.article__content-outer > .newsletter-signup-block
techcrunch.com##.article__floating-wrap
techcrunch.com##.article-footer
techcrunch.com##.newsletter-signup-block
techcrunch.com##.sidebar--article.sidebar
techcrunch.com##.site-footer
techxplore.com##.article-actions
techxplore.com##.categories
techxplore.com##.d-print-none.d-lg-block.d-none.article-sidebar.col-xl-3.col-lg-4.col-md.offset-xl-1
techxplore.com##.d-print-none.my-4.article-main__explore
techxplore.com##.d-print-none.py-5.footer > .container
techxplore.com##.flex-wrap.justify-content-between.header-articles-nav.d-flex
techxplore.com##.mb-lg-0.mb-5.mt-3.col-12 > .d-print-none.align-items-center.d-flex.my-4.article-interaction
techxplore.com##.modal-dialog
techxplore.com##.mt-4.article-main__note
techxplore.com##.p-0.mb-0.bg-white.breadcrumb
techxplore.com##.p-3.text-muted.border
techxplore.com##.pt-lg-0.pt-4.align-items-center.row
techxplore.com##.w-75.text-center.my-4
techxplore.com###feedback-to-editors > .modal-dialog > .modal-content
techxplore.com###js-news-related-slider
techxplore.com###js-soc-panel
voice.google.com##:xpath(/html/body/div[2]/div[2]/div[1]/gv-app-banner/div/div/gv-tel-registration-banner-ng2/section):remove()
www.aljazeera.com##svg
www.amazon.com##.sg-col-4-of-20.sg-col.sg-col-4-of-16.s-matching-dir.sg-col-4-of-12
www.amazon.com##.widgetId\=feedback.template\=FEEDBACK.slot\=MAIN.celwidget.s-widget-container-height-medium.s-spacing-medium.s-widget-container
www.amazon.com###ape_Search_auto-bottom-advertising-0_portal-batch-fast-btf-loom_placement
www.amazon.com###ewc
www.amazon.com###nav-flyout-ewc
www.amazon.com##div.s-widget-spacing-large.sg-col-12-of-16.sg-col.s-widget.sg-col-16-of-20.sg-col-0-of-12.s-result-item
www.bbc.com##.tp-active.tp-backdrop
www.bbc.com##.tp-modal
www.bleepingcomputer.com##header
www.bloomberg.com###fortress-paywall-container-root
www.bloomberg.com###fortress-preblocked-container-root
www.bloomberg.com###fortress-verification-container-root
www.cargurus.com##svg
www.cbsnews.com##:xpath(/html/body/footer):remove()
www.cbsnews.com##.lazyloaded.push-notifications-primer.smart-banner.lazypreload
www.cbsnews.com##.newsletter_signup
www.cityam.com##svg
www.cnet.com##svg
www.costco.com###header-top > div
www.crutchfield.com##svg
www.eater.com##.c-toaster-stuck.c-toaster-active.c-toaster
www.etsy.com##svg
www.facebook.com##:xpath(/html/body/div[7]):remove()
www.facebook.com##:xpath(/html/body/div[9]/div[1]/div/div[2]/div):remove()
www.healthtap.com###lightboxContainer
www.healthtap.com###lightboxOverlay
www.iflscience.com##svg
www.independent.co.uk##:xpath(/html/body/div[3]/div[2]/article/div[5]/div/div[1]/div[1][contains(string(), 'Sign up for the daily')])
www.latimes.com##.met-flyout
www.latimes.com##.ncm-container
www.latimes.com##.wrapclicker
www.marketwatch.com##.has-ad.full-width.bulletins.column--full.column
www.mississippicir.org##.copy-layer-background.sqs-slide-layer-content
www.nbcnews.com##svg
www.ndtv.com##.noti_bgstyle
www.ndtv.com##.noti_wrap
www.ndtv.com###firework1
www.newyorker.com##.stacked-navigation__grid.grid-items-0.grid
www.nrk.no##svg
www.onlinehacking.in##.ndcyidc
www.onlinehacking.in###adblock_abdoutech
www.pcgamer.com##.exit-intent__wrapper
www.pcgamer.com##.exitIntent
www.reuters.com##footer
www.reuters.com##svg
www.rollingstone.com##svg
www.softwaretestinghelp.com##.tl-anim-zoom_in.tl-states-root
www.ssga.com##.ssmp-global-modal.ssmp-mobile-header.ssmp-header
www.startpage.com##.block-display
www.tampabay.com##svg
www.techradar.com##.exit-intent__background.exit-intent
www.techradar.com##.exit-intent__wrapper
www.techradar.com##.newsletter-form__wrapper--exitIntent.newsletter-form__wrapper
www.techrepublic.com##svg
www.telecompaper.com##.is-radiusless.card-content
www.telecompaper.com###app
www.theatlantic.com###paywall
www.theatlantic.com##svg
www.thecybersecuritytimes.com##.wp-block-image
www.thecybersecuritytimes.com###logo_wrapper
www.thecybersecuritytimes.com###nav_wrapper
www.theguardian.com##:xpath(/html/body/aside[2]/gu-island/div/div/div/section)
www.theverge.com##.c-entry-group-labels--article.c-entry-group-labels
www.theverge.com##.c-footer
www.theverge.com##.c-newsletter_signup_box__main
www.theverge.com##.c-related-list
www.theverge.com##.c-tab-bar
www.theverge.com##.l-header
www.theverge.com##.link-skip.sr-only
www.theverge.com##svg
www.urbandictionary.com##svg
www.verdict.co.uk##.c-newsletter-signup
www.verdict.co.uk##.c-post-single__header-meta-before
www.verdict.co.uk##.data_t_holder
www.verdict.co.uk##.footer-logo
www.verdict.co.uk##.newsletter-modal
www.verdict.co.uk##.sections
www.verdict.co.uk###siteHeader
www.verdict.co.uk##svg
www.vox.com##svg
www.wired.com##.site-navigation.standard-navigation--mobile-option-cm.standard-navigation--mobile-logo-align-undefined.standard-navigation--logo-align-left.standard-navigation--palette-standard.standard-navigation--decoration-border-thin--standard.standard-navigation
www.wired.com##.standard-navigation__primary-links
www.yalemedicine.org##svg
www.zdnet.com##svg
zaiste.net##.border-b.border-gray-500.bg-gray-700
zaiste.net##footer
www.tomshardware.com###slice-container-exitIntent
www.ebay.com##:xpath(/html/body/div[9]/div[4]/div[2]/div[1]/div[2]/ul/li[*][ contains(string(),'Chromebook') or contains(string(),'Celeron') or contains(string(),'Pentium') or contains(string(),'4GB Ram') or contains(string(),'4 GB Ram') or contains(string(),'BAD BATTERY') or contains(string(),'for Parts') or contains(string(),'Parts Repair') or contains(string(),'FOR PARTS') ]):remove()
voice.google.com##:xpath(/html/body/div[2]/div[2]/div[1]/gv-app-banner/div/div/gv-tel-registration-banner-ng2/section):remove()

! Discord
discord.com##:xpath(/html/body/div[2]/div[2]/div/div[1]/div/div[2]/div/div[1]/div/div[*][contains(string(),'Get the desktop app!') or contains(string(),'Want to take full advantage')]):remove()
discord.com##:xpath(/html/body/div[2]/div[2]/div/div[3]/div[contains(string(),'Personalize your server invites') or contains(string(),'Connect Xbox to Discord') or contains(string(),'Hang out with Discord friends') or contains(string(),'Boost this server to add') ])

! Reddit with ImageMax
!www.reddit.com##:xpath(/html/body//div/video/parent::*/parent::*/parent::*/parent::*/parent::*/parent::*):remove()
!www.reddit.com##:xpath(/html/body/div[2]/div/div[2]/div[2]/div/div[contains(string(),'Create an account') or contains(string(),'Create Community')]):remove()
!www.reddit.com##:xpath(/html/body/div[2]/div/div[2]/div[2]/div/div/div/div[2]/div[4]/div):style(margin-right: 0px !important;)
!www.reddit.com##:xpath(/html/body/div[2]/div/div[2]/div[2]/div/div/div/div[2]/div[4]/div[2]/div[contains(string(),'Moderators') and contains(string(),'About Community')]):remove()
!www.reddit.com##:xpath(/html/body/div//div/div/div/div/div/div/div/div/div[contains(string(),'Moderators') and contains(string(),'About Community')]):remove()

! old.reddit.com
old.reddit.com##.default-header
old.reddit.com##.happening-now
old.reddit.com##.listingsignupbar.infobar
old.reddit.com##.premium-banner
old.reddit.com##.redditname.pagename.hover
old.reddit.com##.row.top-matter
old.reddit.com##.titlebox
old.reddit.com##polygon

! Outlook
outlook.live.com##:xpath(/html/body/div[*]/div/div[1]/div/div[1]/div[2]/div/div/div/div/div[2]/div[*]/div/button[ contains(@title,'My Day') or contains(@title,'OneNote feed') or contains(@title,'Help') or contains(@title,'What' ) or contains(string(),'Meet Now') ]):remove()
outlook.live.com##:xpath(/html/body/div[*]/div/div[1]/div/div[1]/div[2]/div/div/div/div/div[2]/div[*]/div/div/div/div[*][ contains(string(),'Meet Now') ]):remove()
outlook.live.com##:xpath(/html/body/div[*]/div/div[1]/div/div[1]/div[2]/div/div/div/div/div[2]/div[2]/div/div/div/button[ contains(@title,'Skype') ]):remove()
outlook.live.com##:xpath(/html/body/div[*]/div/div[2]/div[2]/div[2]/div[1]/div/div/div[*][contains(string(),'It looks like you') and contains(string(),'re using an ad blocker. To maximize the space in your inbox, sign up for Ad-Free Outlook.')]):remove()
outlook.live.com##:xpath(/html/body/div[*]/div/div[2]/div[2]/div[2]/div[1]/div/div/div[1]/div/div/div[contains(string(),'Upgrade to Microsoft 365 with premium Outlook features') or contains(string(),'OneDrive cloud storage for as low as')]):remove()
outlook.live.com##:xpath(/html/body/div[*]/div/div[2]/div[2]/div[2]/div[1]/div/div/div[3]/div/div[3]/div[1]/div[2]/div/div/div/div/div/div[*][contains(string(),'Upgrade Your Account') or contains(string(),'Get the latest premium Outlook features')]):remove()

! twitter.com
twitter.com##:xpath(/html/body/div[2]/div/div/div[1]/div[2]/div/div/div/div/div/div[2]):remove()
twitter.com##:xpath(/html/body/div[2]/div/div/div[1]/div[2]/div/div/div/div/div/div[2]/div[1]):remove()
twitter.com##:xpath(/html/body/div[2]/div/div/div[1]/div[2]/div/div/div/div/div/div[2]/div[2]/div[contains(string(),'Sign in with Apple')]):remove()
twitter.com##:xpath(/html/body/div[2]/div/div/div[1]/div/div[1]/div/div[contains(string(),'Don’t miss what’s happening')])
twitter.com##:xpath(/html/body/div[2]/div/div/div[2]/div[3]):remove()
twitter.com##:xpath(/html/body/div[2]/div/div/div[2]/header):remove()
twitter.com##:xpath(/html/body/div[2]/div/div/div[2]/main/div):style(padding: 150px !important;width: 1550px !important)
twitter.com##:xpath(/html/body/div[2]/div/div/div[2]/main/div/div/div/div[1]):style(max-width: 1500px !important)
twitter.com##:xpath(/html/body/div[2]/div/div/div[2]/main/div/div/div/div[2]/div):style(padding: 75px !important)
twitter.com##:xpath(/html/body/div[2]/div/div/div[2]/main/div/div/div/div[2]/div/div[2]/div/div/div/div[3]/section[contains(string(),'New to Twitter?')])

! Youtube
www.youtube.com##.autocomplete-suggestions
www.youtube.com##.style-scope.ytd-thumbnail-overlay-loading-preview-renderer
www.youtube.com##.watch > .ytd-emergency-onebox-renderer.style-scope
www.youtube.com##.yt-mealbar-promo-renderer.style-scope
www.youtube.com##.ytd-donation-shelf-renderer.style-scope
www.youtube.com##.ytd-feed-nudge-renderer.style-scope
www.youtube.com##.ytd-info-panel-container-renderer.style-scope
www.youtube.com##.ytd-mealbar-promo-renderer
www.youtube.com##.ytd-primetime-promo-renderer.style-scope
www.youtube.com##.ytd-rich-section-renderer.style-scope
www.youtube.com##.ytp-iv-player-content.ytp-player-content
www.youtube.com##.ytp-suggested-action-badge-with-controls.ytp-suggested-action-badge-expanded.ytp-suggested-action-badge.ytp-button
www.youtube.com###clarify-box > .ytd-watch-flexy.style-scope
www.youtube.com###dismissible > .ytd-feed-nudge-renderer.style-scope
www.youtube.com###dismissible > .ytd-statement-banner-renderer.style-scope
www.youtube.com###logo
www.youtube.com###offer-module
www.youtube.com###shelf-container
www.youtube.com##inline-preview-player
www.youtube.com##tp-yt-paper-dialog.ytd-popup-container.style-scope
www.youtube.com##ytd-button-renderer.size-default.style-default.force-icon-button.ytd-menu-renderer.style-scope > .ytd-button-renderer.style-scope.yt-simple-endpoint
www.youtube.com##ytd-clarification-renderer.ytd-item-section-renderer.style-scope
www.youtube.com##ytd-horizontal-card-list-renderer.ytd-item-section-renderer.style-scope
www.youtube.com##ytd-rich-section-renderer.ytd-rich-grid-renderer.style-scope > .ytd-rich-section-renderer.style-scope
www.youtube.com##ytd-video-preview
www.youtube.com##.iv-branding.annotation-type-custom.annotation
